<?xml version="1.0" encoding="utf-8"?>
<Project ToolsVersion="4.0" xmlns="http://schemas.microsoft.com/developer/msbuild/2003">
  <ItemGroup>
    <ClInclude Include="src\include\appcontext.h">
      <Filter>Header Files</Filter>
    </ClInclude>
    <ClInclude Include="src\clientsocket.h">
      <Filter>Header Files</Filter>
    </ClInclude>
    <ClInclude Include="src\include\commondef.h">
      <Filter>Header Files</Filter>
    </ClInclude>
    <ClInclude Include="src\operation_base.h">
      <Filter>Header Files</Filter>
    </ClInclude>
    <ClInclude Include="src\operation_login.h">
      <Filter>Header Files</Filter>
    </ClInclude>
    <ClInclude Include="src\operation_send_message.h">
      <Filter>Header Files</Filter>
    </ClInclude>
    <ClInclude Include="src\include\operationmanager.h">
      <Filter>Header Files</Filter>
    </ClInclude>
    <ClInclude Include="src\operationmanager_imp.h">
      <Filter>Header Files</Filter>
    </ClInclude>
    <ClInclude Include="src\include\resourceinfo.h">
      <Filter>Header Files</Filter>
    </ClInclude>
    <ClInclude Include="src\include\lock.h">
      <Filter>Header Files</Filter>
    </ClInclude>
    <ClInclude Include="src\include\log.h">
      <Filter>Header Files</Filter>
    </ClInclude>
    <ClInclude Include="src\include\macros.h">
      <Filter>Header Files</Filter>
    </ClInclude>
    <ClInclude Include="src\operation_logout.h">
      <Filter>Header Files</Filter>
    </ClInclude>
    <ClInclude Include="src\include\lockguard.h">
      <Filter>Header Files</Filter>
    </ClInclude>
    <ClInclude Include="src\include\cbhandler.h">
      <Filter>Header Files</Filter>
    </ClInclude>
    <ClInclude Include="src\include\reportmessage\message.h">
      <Filter>Header Files</Filter>
    </ClInclude>
    <ClInclude Include="src\include\reportmessage\chatmessage.h">
      <Filter>Header Files</Filter>
    </ClInclude>
    <ClInclude Include="src\jsonconvert.h">
      <Filter>Header Files</Filter>
    </ClInclude>
    <ClInclude Include="src\include\uiparameter.h">
      <Filter>Header Files</Filter>
    </ClInclude>
  </ItemGroup>
  <ItemGroup>
    <Filter Include="Header Files">
      <UniqueIdentifier>{7a8e6781-d602-4c92-b60d-5f9d0dc933a8}</UniqueIdentifier>
    </Filter>
    <Filter Include="Source Files">
      <UniqueIdentifier>{9720769f-8149-42ee-8c9e-efc939a24a62}</UniqueIdentifier>
    </Filter>
  </ItemGroup>
  <ItemGroup>
    <ClCompile Include="src\core\appcontext.cpp">
      <Filter>Source Files</Filter>
    </ClCompile>
    <ClCompile Include="src\core\clientsocket.cpp">
      <Filter>Source Files</Filter>
    </ClCompile>
    <ClCompile Include="src\core\operation_base.cpp">
      <Filter>Source Files</Filter>
    </ClCompile>
    <ClCompile Include="src\core\operation_login.cpp">
      <Filter>Source Files</Filter>
    </ClCompile>
    <ClCompile Include="src\core\operationmanager.cpp">
      <Filter>Source Files</Filter>
    </ClCompile>
    <ClCompile Include="src\core\operationmanager_imp.cpp">
      <Filter>Source Files</Filter>
    </ClCompile>
    <ClCompile Include="src\core\resourceinfo.cpp">
      <Filter>Source Files</Filter>
    </ClCompile>
    <ClCompile Include="src\core\utility.cpp">
      <Filter>Source Files</Filter>
    </ClCompile>
    <ClCompile Include="src\core\lock.cpp">
      <Filter>Source Files</Filter>
    </ClCompile>
    <ClCompile Include="src\core\log.cpp">
      <Filter>Source Files</Filter>
    </ClCompile>
    <ClCompile Include="src\core\lockguard.cpp">
      <Filter>Source Files</Filter>
    </ClCompile>
    <ClCompile Include="src\core\operation_logout.cpp">
      <Filter>Source Files</Filter>
    </ClCompile>
    <ClCompile Include="src\core\message.cpp">
      <Filter>Source Files</Filter>
    </ClCompile>
    <ClCompile Include="src\core\operation_send_message.cpp">
      <Filter>Source Files</Filter>
    </ClCompile>
    <ClCompile Include="src\core\jsonconvert.cpp">
      <Filter>Source Files</Filter>
    </ClCompile>
  </ItemGroup>
  <ItemGroup>
    <Library Include="src\lib\json\json.lib" />
  </ItemGroup>
</Project>